// !$*UTF8*$!
{
	archiveVersion = 1;
	classes = {
	};
	objectVersion = 46;
	objects = {

/* Begin PBXBuildFile section */
		D230550E18B59E0D00125EFD /* SideMenuRootViewController.m in Sources */ = {isa = PBXBuildFile; fileRef = D230550D18B59E0D00125EFD /* SideMenuRootViewController.m */; };
		D230551118B5A4DB00125EFD /* SideMenuViewController.m in Sources */ = {isa = PBXBuildFile; fileRef = D230551018B5A4DB00125EFD /* SideMenuViewController.m */; };
		D28B2A6618BC37AE00FA141E /* UIColor+Hex.m in Sources */ = {isa = PBXBuildFile; fileRef = D28B2A6518BC37AE00FA141E /* UIColor+Hex.m */; };
		D29D4F7518AE2EE200B92B89 /* Foundation.framework in Frameworks */ = {isa = PBXBuildFile; fileRef = D29D4F7418AE2EE200B92B89 /* Foundation.framework */; };
		D29D4F7718AE2EE200B92B89 /* CoreGraphics.framework in Frameworks */ = {isa = PBXBuildFile; fileRef = D29D4F7618AE2EE200B92B89 /* CoreGraphics.framework */; };
		D29D4F7918AE2EE200B92B89 /* UIKit.framework in Frameworks */ = {isa = PBXBuildFile; fileRef = D29D4F7818AE2EE200B92B89 /* UIKit.framework */; };
		D29D4F7F18AE2EE200B92B89 /* InfoPlist.strings in Resources */ = {isa = PBXBuildFile; fileRef = D29D4F7D18AE2EE200B92B89 /* InfoPlist.strings */; };
		D29D4F8118AE2EE200B92B89 /* main.m in Sources */ = {isa = PBXBuildFile; fileRef = D29D4F8018AE2EE200B92B89 /* main.m */; };
		D29D4F8518AE2EE200B92B89 /* AppDelegate.m in Sources */ = {isa = PBXBuildFile; fileRef = D29D4F8418AE2EE200B92B89 /* AppDelegate.m */; };
		D29D4F8718AE2EE200B92B89 /* Images.xcassets in Resources */ = {isa = PBXBuildFile; fileRef = D29D4F8618AE2EE200B92B89 /* Images.xcassets */; };
		D29D4F8E18AE2EE200B92B89 /* XCTest.framework in Frameworks */ = {isa = PBXBuildFile; fileRef = D29D4F8D18AE2EE200B92B89 /* XCTest.framework */; };
		D29D4F8F18AE2EE200B92B89 /* Foundation.framework in Frameworks */ = {isa = PBXBuildFile; fileRef = D29D4F7418AE2EE200B92B89 /* Foundation.framework */; };
		D29D4F9018AE2EE200B92B89 /* UIKit.framework in Frameworks */ = {isa = PBXBuildFile; fileRef = D29D4F7818AE2EE200B92B89 /* UIKit.framework */; };
		D29D4F9818AE2EE200B92B89 /* InfoPlist.strings in Resources */ = {isa = PBXBuildFile; fileRef = D29D4F9618AE2EE200B92B89 /* InfoPlist.strings */; };
		D29D4F9A18AE2EE200B92B89 /* IsItOpenTests.m in Sources */ = {isa = PBXBuildFile; fileRef = D29D4F9918AE2EE200B92B89 /* IsItOpenTests.m */; };
		D29D4FA818AE2FA700B92B89 /* MainStoryboard.storyboard in Resources */ = {isa = PBXBuildFile; fileRef = D29D4FA718AE2FA700B92B89 /* MainStoryboard.storyboard */; };
		D29D4FAB18AE310C00B92B89 /* PlaceListViewController.m in Sources */ = {isa = PBXBuildFile; fileRef = D29D4FAA18AE310C00B92B89 /* PlaceListViewController.m */; };
		D29D4FAE18AE313800B92B89 /* PlaceDetailViewController.m in Sources */ = {isa = PBXBuildFile; fileRef = D29D4FAD18AE313800B92B89 /* PlaceDetailViewController.m */; };
		D29D4FB518B0AC4300B92B89 /* Place.m in Sources */ = {isa = PBXBuildFile; fileRef = D29D4FB418B0AC4300B92B89 /* Place.m */; };
		D29D4FB818B0AD4400B92B89 /* Places.m in Sources */ = {isa = PBXBuildFile; fileRef = D29D4FB718B0AD4400B92B89 /* Places.m */; };
		F6A97B12C1B645AE93861182 /* libPods.a in Frameworks */ = {isa = PBXBuildFile; fileRef = E72489F16AF64039B364D0E3 /* libPods.a */; };
/* End PBXBuildFile section */

/* Begin PBXContainerItemProxy section */
		D29D4F9118AE2EE200B92B89 /* PBXContainerItemProxy */ = {
			isa = PBXContainerItemProxy;
			containerPortal = D29D4F6918AE2EE200B92B89 /* Project object */;
			proxyType = 1;
			remoteGlobalIDString = D29D4F7018AE2EE200B92B89;
			remoteInfo = IsItOpen;
		};
/* End PBXContainerItemProxy section */

/* Begin PBXFileReference section */
		D230550C18B59E0D00125EFD /* SideMenuRootViewController.h */ = {isa = PBXFileReference; fileEncoding = 4; lastKnownFileType = sourcecode.c.h; path = SideMenuRootViewController.h; sourceTree = "<group>"; };
		D230550D18B59E0D00125EFD /* SideMenuRootViewController.m */ = {isa = PBXFileReference; fileEncoding = 4; lastKnownFileType = sourcecode.c.objc; path = SideMenuRootViewController.m; sourceTree = "<group>"; };
		D230550F18B5A4DB00125EFD /* SideMenuViewController.h */ = {isa = PBXFileReference; fileEncoding = 4; lastKnownFileType = sourcecode.c.h; path = SideMenuViewController.h; sourceTree = "<group>"; };
		D230551018B5A4DB00125EFD /* SideMenuViewController.m */ = {isa = PBXFileReference; fileEncoding = 4; lastKnownFileType = sourcecode.c.objc; path = SideMenuViewController.m; sourceTree = "<group>"; };
		D28B2A6418BC37AE00FA141E /* UIColor+Hex.h */ = {isa = PBXFileReference; fileEncoding = 4; lastKnownFileType = sourcecode.c.h; path = "UIColor+Hex.h"; sourceTree = "<group>"; };
		D28B2A6518BC37AE00FA141E /* UIColor+Hex.m */ = {isa = PBXFileReference; fileEncoding = 4; lastKnownFileType = sourcecode.c.objc; path = "UIColor+Hex.m"; sourceTree = "<group>"; };
		D29D4F7118AE2EE200B92B89 /* IsItOpen.app */ = {isa = PBXFileReference; explicitFileType = wrapper.application; includeInIndex = 0; path = IsItOpen.app; sourceTree = BUILT_PRODUCTS_DIR; };
		D29D4F7418AE2EE200B92B89 /* Foundation.framework */ = {isa = PBXFileReference; lastKnownFileType = wrapper.framework; name = Foundation.framework; path = System/Library/Frameworks/Foundation.framework; sourceTree = SDKROOT; };
		D29D4F7618AE2EE200B92B89 /* CoreGraphics.framework */ = {isa = PBXFileReference; lastKnownFileType = wrapper.framework; name = CoreGraphics.framework; path = System/Library/Frameworks/CoreGraphics.framework; sourceTree = SDKROOT; };
		D29D4F7818AE2EE200B92B89 /* UIKit.framework */ = {isa = PBXFileReference; lastKnownFileType = wrapper.framework; name = UIKit.framework; path = System/Library/Frameworks/UIKit.framework; sourceTree = SDKROOT; };
		D29D4F7C18AE2EE200B92B89 /* IsItOpen-Info.plist */ = {isa = PBXFileReference; lastKnownFileType = text.plist.xml; path = "IsItOpen-Info.plist"; sourceTree = "<group>"; };
		D29D4F7E18AE2EE200B92B89 /* en */ = {isa = PBXFileReference; lastKnownFileType = text.plist.strings; name = en; path = en.lproj/InfoPlist.strings; sourceTree = "<group>"; };
		D29D4F8018AE2EE200B92B89 /* main.m */ = {isa = PBXFileReference; lastKnownFileType = sourcecode.c.objc; path = main.m; sourceTree = "<group>"; };
		D29D4F8218AE2EE200B92B89 /* IsItOpen-Prefix.pch */ = {isa = PBXFileReference; lastKnownFileType = sourcecode.c.h; path = "IsItOpen-Prefix.pch"; sourceTree = "<group>"; };
		D29D4F8318AE2EE200B92B89 /* AppDelegate.h */ = {isa = PBXFileReference; lastKnownFileType = sourcecode.c.h; path = AppDelegate.h; sourceTree = "<group>"; };
		D29D4F8418AE2EE200B92B89 /* AppDelegate.m */ = {isa = PBXFileReference; lastKnownFileType = sourcecode.c.objc; path = AppDelegate.m; sourceTree = "<group>"; };
		D29D4F8618AE2EE200B92B89 /* Images.xcassets */ = {isa = PBXFileReference; lastKnownFileType = folder.assetcatalog; path = Images.xcassets; sourceTree = "<group>"; };
		D29D4F8C18AE2EE200B92B89 /* IsItOpenTests.xctest */ = {isa = PBXFileReference; explicitFileType = wrapper.cfbundle; includeInIndex = 0; path = IsItOpenTests.xctest; sourceTree = BUILT_PRODUCTS_DIR; };
		D29D4F8D18AE2EE200B92B89 /* XCTest.framework */ = {isa = PBXFileReference; lastKnownFileType = wrapper.framework; name = XCTest.framework; path = Library/Frameworks/XCTest.framework; sourceTree = DEVELOPER_DIR; };
		D29D4F9518AE2EE200B92B89 /* IsItOpenTests-Info.plist */ = {isa = PBXFileReference; lastKnownFileType = text.plist.xml; path = "IsItOpenTests-Info.plist"; sourceTree = "<group>"; };
		D29D4F9718AE2EE200B92B89 /* en */ = {isa = PBXFileReference; lastKnownFileType = text.plist.strings; name = en; path = en.lproj/InfoPlist.strings; sourceTree = "<group>"; };
		D29D4F9918AE2EE200B92B89 /* IsItOpenTests.m */ = {isa = PBXFileReference; lastKnownFileType = sourcecode.c.objc; path = IsItOpenTests.m; sourceTree = "<group>"; };
		D29D4FA718AE2FA700B92B89 /* MainStoryboard.storyboard */ = {isa = PBXFileReference; fileEncoding = 4; lastKnownFileType = file.storyboard; path = MainStoryboard.storyboard; sourceTree = "<group>"; };
		D29D4FA918AE310C00B92B89 /* PlaceListViewController.h */ = {isa = PBXFileReference; fileEncoding = 4; lastKnownFileType = sourcecode.c.h; path = PlaceListViewController.h; sourceTree = "<group>"; };
		D29D4FAA18AE310C00B92B89 /* PlaceListViewController.m */ = {isa = PBXFileReference; fileEncoding = 4; lastKnownFileType = sourcecode.c.objc; path = PlaceListViewController.m; sourceTree = "<group>"; };
		D29D4FAC18AE313800B92B89 /* PlaceDetailViewController.h */ = {isa = PBXFileReference; fileEncoding = 4; lastKnownFileType = sourcecode.c.h; path = PlaceDetailViewController.h; sourceTree = "<group>"; };
		D29D4FAD18AE313800B92B89 /* PlaceDetailViewController.m */ = {isa = PBXFileReference; fileEncoding = 4; lastKnownFileType = sourcecode.c.objc; path = PlaceDetailViewController.m; sourceTree = "<group>"; };
		D29D4FB318B0AC4300B92B89 /* Place.h */ = {isa = PBXFileReference; fileEncoding = 4; lastKnownFileType = sourcecode.c.h; path = Place.h; sourceTree = "<group>"; };
		D29D4FB418B0AC4300B92B89 /* Place.m */ = {isa = PBXFileReference; fileEncoding = 4; lastKnownFileType = sourcecode.c.objc; path = Place.m; sourceTree = "<group>"; };
		D29D4FB618B0AD4400B92B89 /* Places.h */ = {isa = PBXFileReference; fileEncoding = 4; lastKnownFileType = sourcecode.c.h; path = Places.h; sourceTree = "<group>"; };
		D29D4FB718B0AD4400B92B89 /* Places.m */ = {isa = PBXFileReference; fileEncoding = 4; lastKnownFileType = sourcecode.c.objc; path = Places.m; sourceTree = "<group>"; };
		E72489F16AF64039B364D0E3 /* libPods.a */ = {isa = PBXFileReference; explicitFileType = archive.ar; includeInIndex = 0; path = libPods.a; sourceTree = BUILT_PRODUCTS_DIR; };
		F6A0F8D6FD5049B59A38AEBB /* Pods.xcconfig */ = {isa = PBXFileReference; includeInIndex = 1; lastKnownFileType = text.xcconfig; name = Pods.xcconfig; path = Pods/Pods.xcconfig; sourceTree = "<group>"; };
/* End PBXFileReference section */

/* Begin PBXFrameworksBuildPhase section */
		D29D4F6E18AE2EE200B92B89 /* Frameworks */ = {
			isa = PBXFrameworksBuildPhase;
			buildActionMask = 2147483647;
			files = (
				D29D4F7718AE2EE200B92B89 /* CoreGraphics.framework in Frameworks */,
				D29D4F7918AE2EE200B92B89 /* UIKit.framework in Frameworks */,
				D29D4F7518AE2EE200B92B89 /* Foundation.framework in Frameworks */,
				F6A97B12C1B645AE93861182 /* libPods.a in Frameworks */,
			);
			runOnlyForDeploymentPostprocessing = 0;
		};
		D29D4F8918AE2EE200B92B89 /* Frameworks */ = {
			isa = PBXFrameworksBuildPhase;
			buildActionMask = 2147483647;
			files = (
				D29D4F8E18AE2EE200B92B89 /* XCTest.framework in Frameworks */,
				D29D4F9018AE2EE200B92B89 /* UIKit.framework in Frameworks */,
				D29D4F8F18AE2EE200B92B89 /* Foundation.framework in Frameworks */,
			);
			runOnlyForDeploymentPostprocessing = 0;
		};
/* End PBXFrameworksBuildPhase section */

/* Begin PBXGroup section */
		D230550B18B59DDC00125EFD /* SideMenu */ = {
			isa = PBXGroup;
			children = (
				D230550C18B59E0D00125EFD /* SideMenuRootViewController.h */,
				D230550D18B59E0D00125EFD /* SideMenuRootViewController.m */,
				D230550F18B5A4DB00125EFD /* SideMenuViewController.h */,
				D230551018B5A4DB00125EFD /* SideMenuViewController.m */,
			);
			name = SideMenu;
			sourceTree = "<group>";
		};
		D28B2A6018BC370400FA141E /* Extend */ = {
			isa = PBXGroup;
			children = (
				D28B2A6418BC37AE00FA141E /* UIColor+Hex.h */,
				D28B2A6518BC37AE00FA141E /* UIColor+Hex.m */,
			);
			name = Extend;
			sourceTree = "<group>";
		};
		D29D4F6818AE2EE200B92B89 = {
			isa = PBXGroup;
			children = (
				D29D4F7A18AE2EE200B92B89 /* IsItOpen */,
				D29D4F9318AE2EE200B92B89 /* IsItOpenTests */,
				D29D4F7318AE2EE200B92B89 /* Frameworks */,
				D29D4F7218AE2EE200B92B89 /* Products */,
				F6A0F8D6FD5049B59A38AEBB /* Pods.xcconfig */,
			);
			sourceTree = "<group>";
		};
		D29D4F7218AE2EE200B92B89 /* Products */ = {
			isa = PBXGroup;
			children = (
				D29D4F7118AE2EE200B92B89 /* IsItOpen.app */,
				D29D4F8C18AE2EE200B92B89 /* IsItOpenTests.xctest */,
			);
			name = Products;
			sourceTree = "<group>";
		};
		D29D4F7318AE2EE200B92B89 /* Frameworks */ = {
			isa = PBXGroup;
			children = (
				D29D4F7418AE2EE200B92B89 /* Foundation.framework */,
				D29D4F7618AE2EE200B92B89 /* CoreGraphics.framework */,
				D29D4F7818AE2EE200B92B89 /* UIKit.framework */,
				D29D4F8D18AE2EE200B92B89 /* XCTest.framework */,
				E72489F16AF64039B364D0E3 /* libPods.a */,
			);
			name = Frameworks;
			sourceTree = "<group>";
		};
		D29D4F7A18AE2EE200B92B89 /* IsItOpen */ = {
			isa = PBXGroup;
			children = (
				D28B2A6018BC370400FA141E /* Extend */,
				D29D4FA618AE2F6700B92B89 /* Assets */,
				D29D4FA318AE2F4900B92B89 /* Models */,
				D29D4FA418AE2F5000B92B89 /* Views */,
				D29D4FA518AE2F5400B92B89 /* Controllers */,
				D29D4F8318AE2EE200B92B89 /* AppDelegate.h */,
				D29D4F8418AE2EE200B92B89 /* AppDelegate.m */,
				D29D4F7B18AE2EE200B92B89 /* Supporting Files */,
			);
			path = IsItOpen;
			sourceTree = "<group>";
		};
		D29D4F7B18AE2EE200B92B89 /* Supporting Files */ = {
			isa = PBXGroup;
			children = (
				D29D4F7C18AE2EE200B92B89 /* IsItOpen-Info.plist */,
				D29D4F7D18AE2EE200B92B89 /* InfoPlist.strings */,
				D29D4F8018AE2EE200B92B89 /* main.m */,
				D29D4F8218AE2EE200B92B89 /* IsItOpen-Prefix.pch */,
			);
			name = "Supporting Files";
			sourceTree = "<group>";
		};
		D29D4F9318AE2EE200B92B89 /* IsItOpenTests */ = {
			isa = PBXGroup;
			children = (
				D29D4F9918AE2EE200B92B89 /* IsItOpenTests.m */,
				D29D4F9418AE2EE200B92B89 /* Supporting Files */,
			);
			path = IsItOpenTests;
			sourceTree = "<group>";
		};
		D29D4F9418AE2EE200B92B89 /* Supporting Files */ = {
			isa = PBXGroup;
			children = (
				D29D4F9518AE2EE200B92B89 /* IsItOpenTests-Info.plist */,
				D29D4F9618AE2EE200B92B89 /* InfoPlist.strings */,
			);
			name = "Supporting Files";
			sourceTree = "<group>";
		};
		D29D4FA318AE2F4900B92B89 /* Models */ = {
			isa = PBXGroup;
			children = (
				D29D4FB618B0AD4400B92B89 /* Places.h */,
				D29D4FB718B0AD4400B92B89 /* Places.m */,
				D29D4FB318B0AC4300B92B89 /* Place.h */,
				D29D4FB418B0AC4300B92B89 /* Place.m */,
			);
			name = Models;
			sourceTree = "<group>";
		};
		D29D4FA418AE2F5000B92B89 /* Views */ = {
			isa = PBXGroup;
			children = (
				D29D4FA718AE2FA700B92B89 /* MainStoryboard.storyboard */,
			);
			name = Views;
			sourceTree = "<group>";
		};
		D29D4FA518AE2F5400B92B89 /* Controllers */ = {
			isa = PBXGroup;
			children = (
				D29D4FAF18AE313F00B92B89 /* Place */,
				D230550B18B59DDC00125EFD /* SideMenu */,
			);
			name = Controllers;
			sourceTree = "<group>";
		};
		D29D4FA618AE2F6700B92B89 /* Assets */ = {
			isa = PBXGroup;
			children = (
				D29D4F8618AE2EE200B92B89 /* Images.xcassets */,
			);
			name = Assets;
			sourceTree = "<group>";
		};
		D29D4FAF18AE313F00B92B89 /* Place */ = {
			isa = PBXGroup;
			children = (
				D29D4FA918AE310C00B92B89 /* PlaceListViewController.h */,
				D29D4FAA18AE310C00B92B89 /* PlaceListViewController.m */,
				D29D4FAC18AE313800B92B89 /* PlaceDetailViewController.h */,
				D29D4FAD18AE313800B92B89 /* PlaceDetailViewController.m */,
			);
			name = Place;
			sourceTree = "<group>";
		};
/* End PBXGroup section */

/* Begin PBXNativeTarget section */
		D29D4F7018AE2EE200B92B89 /* IsItOpen */ = {
			isa = PBXNativeTarget;
			buildConfigurationList = D29D4F9D18AE2EE200B92B89 /* Build configuration list for PBXNativeTarget "IsItOpen" */;
			buildPhases = (
				5E8F19FB5DFB40B99D4546E7 /* Check Pods Manifest.lock */,
				D29D4F6D18AE2EE200B92B89 /* Sources */,
				D29D4F6E18AE2EE200B92B89 /* Frameworks */,
				D29D4F6F18AE2EE200B92B89 /* Resources */,
				451009DC72174720879BC7A3 /* Copy Pods Resources */,
			);
			buildRules = (
			);
			dependencies = (
			);
			name = IsItOpen;
			productName = IsItOpen;
			productReference = D29D4F7118AE2EE200B92B89 /* IsItOpen.app */;
			productType = "com.apple.product-type.application";
		};
		D29D4F8B18AE2EE200B92B89 /* IsItOpenTests */ = {
			isa = PBXNativeTarget;
			buildConfigurationList = D29D4FA018AE2EE200B92B89 /* Build configuration list for PBXNativeTarget "IsItOpenTests" */;
			buildPhases = (
				D29D4F8818AE2EE200B92B89 /* Sources */,
				D29D4F8918AE2EE200B92B89 /* Frameworks */,
				D29D4F8A18AE2EE200B92B89 /* Resources */,
			);
			buildRules = (
			);
			dependencies = (
				D29D4F9218AE2EE200B92B89 /* PBXTargetDependency */,
			);
			name = IsItOpenTests;
			productName = IsItOpenTests;
			productReference = D29D4F8C18AE2EE200B92B89 /* IsItOpenTests.xctest */;
			productType = "com.apple.product-type.bundle.unit-test";
		};
/* End PBXNativeTarget section */

/* Begin PBXProject section */
		D29D4F6918AE2EE200B92B89 /* Project object */ = {
			isa = PBXProject;
			attributes = {
				LastUpgradeCheck = 0500;
				ORGANIZATIONNAME = "Scott Hardy";
				TargetAttributes = {
					D29D4F8B18AE2EE200B92B89 = {
						TestTargetID = D29D4F7018AE2EE200B92B89;
					};
				};
			};
			buildConfigurationList = D29D4F6C18AE2EE200B92B89 /* Build configuration list for PBXProject "IsItOpen" */;
			compatibilityVersion = "Xcode 3.2";
			developmentRegion = English;
			hasScannedForEncodings = 0;
			knownRegions = (
				en,
			);
			mainGroup = D29D4F6818AE2EE200B92B89;
			productRefGroup = D29D4F7218AE2EE200B92B89 /* Products */;
			projectDirPath = "";
			projectRoot = "";
			targets = (
				D29D4F7018AE2EE200B92B89 /* IsItOpen */,
				D29D4F8B18AE2EE200B92B89 /* IsItOpenTests */,
			);
		};
/* End PBXProject section */

/* Begin PBXResourcesBuildPhase section */
		D29D4F6F18AE2EE200B92B89 /* Resources */ = {
			isa = PBXResourcesBuildPhase;
			buildActionMask = 2147483647;
			files = (
				D29D4FA818AE2FA700B92B89 /* MainStoryboard.storyboard in Resources */,
				D29D4F7F18AE2EE200B92B89 /* InfoPlist.strings in Resources */,
				D29D4F8718AE2EE200B92B89 /* Images.xcassets in Resources */,
			);
			runOnlyForDeploymentPostprocessing = 0;
		};
		D29D4F8A18AE2EE200B92B89 /* Resources */ = {
			isa = PBXResourcesBuildPhase;
			buildActionMask = 2147483647;
			files = (
				D29D4F9818AE2EE200B92B89 /* InfoPlist.strings in Resources */,
			);
			runOnlyForDeploymentPostprocessing = 0;
		};
/* End PBXResourcesBuildPhase section */

/* Begin PBXShellScriptBuildPhase section */
		451009DC72174720879BC7A3 /* Copy Pods Resources */ = {
			isa = PBXShellScriptBuildPhase;
			buildActionMask = 2147483647;
			files = (
			);
			inputPaths = (
			);
			name = "Copy Pods Resources";
			outputPaths = (
			);
			runOnlyForDeploymentPostprocessing = 0;
			shellPath = /bin/sh;
			shellScript = "\"${SRCROOT}/Pods/Pods-resources.sh\"\n";
			showEnvVarsInLog = 0;
		};
		5E8F19FB5DFB40B99D4546E7 /* Check Pods Manifest.lock */ = {
			isa = PBXShellScriptBuildPhase;
			buildActionMask = 2147483647;
			files = (
			);
			inputPaths = (
			);
			name = "Check Pods Manifest.lock";
			outputPaths = (
			);
			runOnlyForDeploymentPostprocessing = 0;
			shellPath = /bin/sh;
			shellScript = "diff \"${PODS_ROOT}/../Podfile.lock\" \"${PODS_ROOT}/Manifest.lock\" > /dev/null\nif [[ $? != 0 ]] ; then\n    cat << EOM\nerror: The sandbox is not in sync with the Podfile.lock. Run 'pod install' or update your CocoaPods installation.\nEOM\n    exit 1\nfi\n";
			showEnvVarsInLog = 0;
		};
/* End PBXShellScriptBuildPhase section */

/* Begin PBXSourcesBuildPhase section */
		D29D4F6D18AE2EE200B92B89 /* Sources */ = {
			isa = PBXSourcesBuildPhase;
			buildActionMask = 2147483647;
			files = (
				D29D4FB818B0AD4400B92B89 /* Places.m in Sources */,
				D29D4F8518AE2EE200B92B89 /* AppDelegate.m in Sources */,
				D29D4FAE18AE313800B92B89 /* PlaceDetailViewController.m in Sources */,
				D29D4F8118AE2EE200B92B89 /* main.m in Sources */,
				D28B2A6618BC37AE00FA141E /* UIColor+Hex.m in Sources */,
				D230551118B5A4DB00125EFD /* SideMenuViewController.m in Sources */,
				D230550E18B59E0D00125EFD /* SideMenuRootViewController.m in Sources */,
				D29D4FB518B0AC4300B92B89 /* Place.m in Sources */,
				D29D4FAB18AE310C00B92B89 /* PlaceListViewController.m in Sources */,
			);
			runOnlyForDeploymentPostprocessing = 0;
		};
		D29D4F8818AE2EE200B92B89 /* Sources */ = {
			isa = PBXSourcesBuildPhase;
			buildActionMask = 2147483647;
			files = (
				D29D4F9A18AE2EE200B92B89 /* IsItOpenTests.m in Sources */,
			);
			runOnlyForDeploymentPostprocessing = 0;
		};
/* End PBXSourcesBuildPhase section */

/* Begin PBXTargetDependency section */
		D29D4F9218AE2EE200B92B89 /* PBXTargetDependency */ = {
			isa = PBXTargetDependency;
			target = D29D4F7018AE2EE200B92B89 /* IsItOpen */;
			targetProxy = D29D4F9118AE2EE200B92B89 /* PBXContainerItemProxy */;
		};
/* End PBXTargetDependency section */

/* Begin PBXVariantGroup section */
		D29D4F7D18AE2EE200B92B89 /* InfoPlist.strings */ = {
			isa = PBXVariantGroup;
			children = (
				D29D4F7E18AE2EE200B92B89 /* en */,
			);
			name = InfoPlist.strings;
			sourceTree = "<group>";
		};
		D29D4F9618AE2EE200B92B89 /* InfoPlist.strings */ = {
			isa = PBXVariantGroup;
			children = (
				D29D4F9718AE2EE200B92B89 /* en */,
			);
			name = InfoPlist.strings;
			sourceTree = "<group>";
		};
/* End PBXVariantGroup section */

/* Begin XCBuildConfiguration section */
		D29D4F9B18AE2EE200B92B89 /* Debug */ = {
			isa = XCBuildConfiguration;
			buildSettings = {
				ALWAYS_SEARCH_USER_PATHS = NO;
				ARCHS = "$(ARCHS_STANDARD_INCLUDING_64_BIT)";
				CLANG_CXX_LANGUAGE_STANDARD = "gnu++0x";
				CLANG_CXX_LIBRARY = "libc++";
				CLANG_ENABLE_MODULES = YES;
				CLANG_ENABLE_OBJC_ARC = YES;
				CLANG_WARN_BOOL_CONVERSION = YES;
				CLANG_WARN_CONSTANT_CONVERSION = YES;
				CLANG_WARN_DIRECT_OBJC_ISA_USAGE = YES_ERROR;
				CLANG_WARN_EMPTY_BODY = YES;
				CLANG_WARN_ENUM_CONVERSION = YES;
				CLANG_WARN_INT_CONVERSION = YES;
				CLANG_WARN_OBJC_ROOT_CLASS = YES_ERROR;
				CLANG_WARN__DUPLICATE_METHOD_MATCH = YES;
				"CODE_SIGN_IDENTITY[sdk=iphoneos*]" = "iPhone Developer";
				COPY_PHASE_STRIP = NO;
				GCC_C_LANGUAGE_STANDARD = gnu99;
				GCC_DYNAMIC_NO_PIC = NO;
				GCC_OPTIMIZATION_LEVEL = 0;
				GCC_PREPROCESSOR_DEFINITIONS = (
					"DEBUG=1",
					"$(inherited)",
				);
				GCC_SYMBOLS_PRIVATE_EXTERN = NO;
				GCC_WARN_64_TO_32_BIT_CONVERSION = YES;
				GCC_WARN_ABOUT_RETURN_TYPE = YES_ERROR;
				GCC_WARN_UNDECLARED_SELECTOR = YES;
				GCC_WARN_UNINITIALIZED_AUTOS = YES;
				GCC_WARN_UNUSED_FUNCTION = YES;
				GCC_WARN_UNUSED_VARIABLE = YES;
				IPHONEOS_DEPLOYMENT_TARGET = 7.0;
				ONLY_ACTIVE_ARCH = YES;
				SDKROOT = iphoneos;
			};
			name = Debug;
		};
		D29D4F9C18AE2EE200B92B89 /* Release */ = {
			isa = XCBuildConfiguration;
			buildSettings = {
				ALWAYS_SEARCH_USER_PATHS = NO;
				ARCHS = "$(ARCHS_STANDARD_INCLUDING_64_BIT)";
				CLANG_CXX_LANGUAGE_STANDARD = "gnu++0x";
				CLANG_CXX_LIBRARY = "libc++";
				CLANG_ENABLE_MODULES = YES;
				CLANG_ENABLE_OBJC_ARC = YES;
				CLANG_WARN_BOOL_CONVERSION = YES;
				CLANG_WARN_CONSTANT_CONVERSION = YES;
				CLANG_WARN_DIRECT_OBJC_ISA_USAGE = YES_ERROR;
				CLANG_WARN_EMPTY_BODY = YES;
				CLANG_WARN_ENUM_CONVERSION = YES;
				CLANG_WARN_INT_CONVERSION = YES;
				CLANG_WARN_OBJC_ROOT_CLASS = YES_ERROR;
				CLANG_WARN__DUPLICATE_METHOD_MATCH = YES;
				"CODE_SIGN_IDENTITY[sdk=iphoneos*]" = "iPhone Developer";
				COPY_PHASE_STRIP = YES;
				ENABLE_NS_ASSERTIONS = NO;
				GCC_C_LANGUAGE_STANDARD = gnu99;
				GCC_WARN_64_TO_32_BIT_CONVERSION = YES;
				GCC_WARN_ABOUT_RETURN_TYPE = YES_ERROR;
				GCC_WARN_UNDECLARED_SELECTOR = YES;
				GCC_WARN_UNINITIALIZED_AUTOS = YES;
				GCC_WARN_UNUSED_FUNCTION = YES;
				GCC_WARN_UNUSED_VARIABLE = YES;
				IPHONEOS_DEPLOYMENT_TARGET = 7.0;
				SDKROOT = iphoneos;
				VALIDATE_PRODUCT = YES;
			};
			name = Release;
		};
		D29D4F9E18AE2EE200B92B89 /* Debug */ = {
			isa = XCBuildConfiguration;
			baseConfigurationReference = F6A0F8D6FD5049B59A38AEBB /* Pods.xcconfig */;
			buildSettings = {
				ASSETCATALOG_COMPILER_APPICON_NAME = AppIcon;
				ASSETCATALOG_COMPILER_LAUNCHIMAGE_NAME = LaunchImage;
				GCC_PRECOMPILE_PREFIX_HEADER = YES;
				GCC_PREFIX_HEADER = "IsItOpen/IsItOpen-Prefix.pch";
				INFOPLIST_FILE = "IsItOpen/IsItOpen-Info.plist";
				PRODUCT_NAME = "$(TARGET_NAME)";
				WRAPPER_EXTENSION = app;
			};
			name = Debug;
		};
		D29D4F9F18AE2EE200B92B89 /* Release */ = {
			isa = XCBuildConfiguration;
			baseConfigurationReference = F6A0F8D6FD5049B59A38AEBB /* Pods.xcconfig */;
			buildSettings = {
				ASSETCATALOG_COMPILER_APPICON_NAME = AppIcon;
				ASSETCATALOG_COMPILER_LAUNCHIMAGE_NAME = LaunchImage;
				GCC_PRECOMPILE_PREFIX_HEADER = YES;
				GCC_PREFIX_HEADER = "IsItOpen/IsItOpen-Prefix.pch";
				INFOPLIST_FILE = "IsItOpen/IsItOpen-Info.plist";
				PRODUCT_NAME = "$(TARGET_NAME)";
				WRAPPER_EXTENSION = app;
			};
			name = Release;
		};
		D29D4FA118AE2EE200B92B89 /* Debug */ = {
			isa = XCBuildConfiguration;
			buildSettings = {
				ARCHS = "$(ARCHS_STANDARD_INCLUDING_64_BIT)";
				BUNDLE_LOADER = "$(BUILT_PRODUCTS_DIR)/IsItOpen.app/IsItOpen";
				FRAMEWORK_SEARCH_PATHS = (
					"$(SDKROOT)/Developer/Library/Frameworks",
					"$(inherited)",
					"$(DEVELOPER_FRAMEWORKS_DIR)",
				);
				GCC_PRECOMPILE_PREFIX_HEADER = YES;
				GCC_PREFIX_HEADER = "IsItOpen/IsItOpen-Prefix.pch";
				GCC_PREPROCESSOR_DEFINITIONS = (
					"DEBUG=1",
					"$(inherited)",
				);
				INFOPLIST_FILE = "IsItOpenTests/IsItOpenTests-Info.plist";
				PRODUCT_NAME = "$(TARGET_NAME)";
				TEST_HOST = "$(BUNDLE_LOADER)";
				WRAPPER_EXTENSION = xctest;
			};
			name = Debug;
		};
		D29D4FA218AE2EE200B92B89 /* Release */ = {
			isa = XCBuildConfiguration;
			buildSettings = {
				ARCHS = "$(ARCHS_STANDARD_INCLUDING_64_BIT)";
				BUNDLE_LOADER = "$(BUILT_PRODUCTS_DIR)/IsItOpen.app/IsItOpen";
				FRAMEWORK_SEARCH_PATHS = (
					"$(SDKROOT)/Developer/Library/Frameworks",
					"$(inherited)",
					"$(DEVELOPER_FRAMEWORKS_DIR)",
				);
				GCC_PRECOMPILE_PREFIX_HEADER = YES;
				GCC_PREFIX_HEADER = "IsItOpen/IsItOpen-Prefix.pch";
				INFOPLIST_FILE = "IsItOpenTests/IsItOpenTests-Info.plist";
				PRODUCT_NAME = "$(TARGET_NAME)";
				TEST_HOST = "$(BUNDLE_LOADER)";
				WRAPPER_EXTENSION = xctest;
			};
			name = Release;
		};
/* End XCBuildConfiguration section */

/* Begin XCConfigurationList section */
		D29D4F6C18AE2EE200B92B89 /* Build configuration list for PBXProject "IsItOpen" */ = {
			isa = XCConfigurationList;
			buildConfigurations = (
				D29D4F9B18AE2EE200B92B89 /* Debug */,
				D29D4F9C18AE2EE200B92B89 /* Release */,
			);
			defaultConfigurationIsVisible = 0;
			defaultConfigurationName = Release;
		};
		D29D4F9D18AE2EE200B92B89 /* Build configuration list for PBXNativeTarget "IsItOpen" */ = {
			isa = XCConfigurationList;
			buildConfigurations = (
				D29D4F9E18AE2EE200B92B89 /* Debug */,
				D29D4F9F18AE2EE200B92B89 /* Release */,
			);
			defaultConfigurationIsVisible = 0;
			defaultConfigurationName = Release;
		};
		D29D4FA018AE2EE200B92B89 /* Build configuration list for PBXNativeTarget "IsItOpenTests" */ = {
			isa = XCConfigurationList;
			buildConfigurations = (
				D29D4FA118AE2EE200B92B89 /* Debug */,
				D29D4FA218AE2EE200B92B89 /* Release */,
			);
			defaultConfigurationIsVisible = 0;
			defaultConfigurationName = Release;
		};
/* End XCConfigurationList section */
	};
	rootObject = D29D4F6918AE2EE200B92B89 /* Project object */;
}
